{
  "name": "opc-server",
  "version": "1.0.0",
  "lockfileVersion": 2,
  "requires": true,
  "packages": {
    "": {
      "version": "1.0.0",
      "license": "MIT",
      "dependencies": {
        "rpi-ws281x-native": ">=0.4.0"
      }
    },
    "node_modules/node-addon-api": {
      "version": "3.1.0",
      "resolved": "https://registry.npmjs.org/node-addon-api/-/node-addon-api-3.1.0.tgz",
      "integrity": "sha512-flmrDNB06LIl5lywUz7YlNGZH/5p0M7W28k8hzd9Lshtdh1wshD2Y+U4h9LD6KObOy1f+fEVdgprPrEymjM5uw=="
    },
    "node_modules/rpi-ws281x-native": {
      "version": "0.10.1",
      "resolved": "https://registry.npmjs.org/rpi-ws281x-native/-/rpi-ws281x-native-0.10.1.tgz",
      "integrity": "sha512-ckoNf2Ar/Kxkz4IB2e6FoSkOM4oQ1n3kBnZDj58jq5WE14K8UUeBjjG9CBNvvOjD7QWwzj+4HRLWG4nC1OS+WQ==",
      "hasInstallScript": true,
      "dependencies": {
        "node-addon-api": "3.1.0"
      },
      "engines": {
        "node": ">=0.10.0"
      }
    }
  },
  "dependencies": {
    "node-addon-api": {
      "version": "3.1.0",
      "resolved": "https://registry.npmjs.org/node-addon-api/-/node-addon-api-3.1.0.tgz",
      "integrity": "sha512-flmrDNB06LIl5lywUz7YlNGZH/5p0M7W28k8hzd9Lshtdh1wshD2Y+U4h9LD6KObOy1f+fEVdgprPrEymjM5uw=="
    },
    "rpi-ws281x-native": {
      "version": "0.10.1",
      "resolved": "https://registry.npmjs.org/rpi-ws281x-native/-/rpi-ws281x-native-0.10.1.tgz",
      "integrity": "sha512-ckoNf2Ar/Kxkz4IB2e6FoSkOM4oQ1n3kBnZDj58jq5WE14K8UUeBjjG9CBNvvOjD7QWwzj+4HRLWG4nC1OS+WQ==",
      "requires": {
        "node-addon-api": "3.1.0"
      }
    }
  }
}
